
Microsoft Visual Studio Solution File, Format Version 12.00
# Visual Studio Version 17
VisualStudioVersion = 17.1.32328.378
MinimumVisualStudioVersion = 10.0.40219.1
Project("{FAE04EC0-301F-11D3-BF4B-00C04F79EFBC}") = "DataMine", "DataMine\DataMine.csproj", "{7235B003-BD37-46B9-8447-1873F8793D13}"
EndProject
Global
	GlobalSection(SolutionConfigurationPlatforms) = preSolution
		Debug|Any CPU = Debug|Any CPU
		Release|Any CPU = Release|Any CPU
	EndGlobalSection
	GlobalSection(ProjectConfigurationPlatforms) = postSolution
		{7235B003-BD37-46B9-8447-1873F8793D13}.Debug|Any CPU.ActiveCfg = Debug|Any CPU
		{7235B003-BD37-46B9-8447-1873F8793D13}.Debug|Any CPU.Build.0 = Debug|Any CPU
		{7235B003-BD37-46B9-8447-1873F8793D13}.Release|Any CPU.ActiveCfg = Release|Any CPU
		{7235B003-BD37-46B9-8447-1873F8793D13}.Release|Any CPU.Build.0 = Release|Any CPU
	EndGlobalSection
	GlobalSection(SolutionProperties) = preSolution
		HideSolutionNode = FALSE
	EndGlobalSection
	GlobalSection(ExtensibilityGlobals) = postSolution
		SolutionGuid = {E7981EC4-F002-49CD-9ECD-0BA03898781E}
	EndGlobalSection
EndGlobal
